// !$*UTF8*$!
{
	archiveVersion = 1;
	classes = {
	};
	objectVersion = 46;
	objects = {

/* Begin PBXBuildFile section */
		95B4DDC1653FA5AEB1A93086 /* libPods-inTraffic.a in Frameworks */ = {isa = PBXBuildFile; fileRef = 2D05CB5CB7D07A9D96FF0D16 /* libPods-inTraffic.a */; };
		EA3CFF8F1E0814F10033D321 /* main.m in Sources */ = {isa = PBXBuildFile; fileRef = EA3CFF8E1E0814F10033D321 /* main.m */; };
		EA3CFF921E0814F10033D321 /* AppDelegate.m in Sources */ = {isa = PBXBuildFile; fileRef = EA3CFF911E0814F10033D321 /* AppDelegate.m */; };
		EA3CFF951E0814F10033D321 /* ViewController.m in Sources */ = {isa = PBXBuildFile; fileRef = EA3CFF941E0814F10033D321 /* ViewController.m */; };
		EA3CFF981E0814F10033D321 /* Main.storyboard in Resources */ = {isa = PBXBuildFile; fileRef = EA3CFF961E0814F10033D321 /* Main.storyboard */; };
		EA3CFF9A1E0814F10033D321 /* Assets.xcassets in Resources */ = {isa = PBXBuildFile; fileRef = EA3CFF991E0814F10033D321 /* Assets.xcassets */; };
		EA3CFF9D1E0814F10033D321 /* LaunchScreen.storyboard in Resources */ = {isa = PBXBuildFile; fileRef = EA3CFF9B1E0814F10033D321 /* LaunchScreen.storyboard */; };
		EA3CFFA61E0815980033D321 /* CoreMotion.framework in Frameworks */ = {isa = PBXBuildFile; fileRef = EA3CFFA51E0815980033D321 /* CoreMotion.framework */; };
/* End PBXBuildFile section */

/* Begin PBXFileReference section */
		2D05CB5CB7D07A9D96FF0D16 /* libPods-inTraffic.a */ = {isa = PBXFileReference; explicitFileType = archive.ar; includeInIndex = 0; path = "libPods-inTraffic.a"; sourceTree = BUILT_PRODUCTS_DIR; };
		63694305FEDC9F18C531FC9F /* Pods-inTraffic.debug.xcconfig */ = {isa = PBXFileReference; includeInIndex = 1; lastKnownFileType = text.xcconfig; name = "Pods-inTraffic.debug.xcconfig"; path = "Pods/Target Support Files/Pods-inTraffic/Pods-inTraffic.debug.xcconfig"; sourceTree = "<group>"; };
		997F178DEE2A7D0FE2FF9986 /* Pods-inTraffic.release.xcconfig */ = {isa = PBXFileReference; includeInIndex = 1; lastKnownFileType = text.xcconfig; name = "Pods-inTraffic.release.xcconfig"; path = "Pods/Target Support Files/Pods-inTraffic/Pods-inTraffic.release.xcconfig"; sourceTree = "<group>"; };
		EA3CFF8A1E0814F10033D321 /* inTraffic.app */ = {isa = PBXFileReference; explicitFileType = wrapper.application; includeInIndex = 0; path = inTraffic.app; sourceTree = BUILT_PRODUCTS_DIR; };
		EA3CFF8E1E0814F10033D321 /* main.m */ = {isa = PBXFileReference; lastKnownFileType = sourcecode.c.objc; path = main.m; sourceTree = "<group>"; };
		EA3CFF901E0814F10033D321 /* AppDelegate.h */ = {isa = PBXFileReference; lastKnownFileType = sourcecode.c.h; path = AppDelegate.h; sourceTree = "<group>"; };
		EA3CFF911E0814F10033D321 /* AppDelegate.m */ = {isa = PBXFileReference; lastKnownFileType = sourcecode.c.objc; path = AppDelegate.m; sourceTree = "<group>"; };
		EA3CFF931E0814F10033D321 /* ViewController.h */ = {isa = PBXFileReference; lastKnownFileType = sourcecode.c.h; path = ViewController.h; sourceTree = "<group>"; };
		EA3CFF941E0814F10033D321 /* ViewController.m */ = {isa = PBXFileReference; lastKnownFileType = sourcecode.c.objc; path = ViewController.m; sourceTree = "<group>"; };
		EA3CFF971E0814F10033D321 /* Base */ = {isa = PBXFileReference; lastKnownFileType = file.storyboard; name = Base; path = Base.lproj/Main.storyboard; sourceTree = "<group>"; };
		EA3CFF991E0814F10033D321 /* Assets.xcassets */ = {isa = PBXFileReference; lastKnownFileType = folder.assetcatalog; path = Assets.xcassets; sourceTree = "<group>"; };
		EA3CFF9C1E0814F10033D321 /* Base */ = {isa = PBXFileReference; lastKnownFileType = file.storyboard; name = Base; path = Base.lproj/LaunchScreen.storyboard; sourceTree = "<group>"; };
		EA3CFF9E1E0814F10033D321 /* Info.plist */ = {isa = PBXFileReference; lastKnownFileType = text.plist.xml; path = Info.plist; sourceTree = "<group>"; };
		EA3CFFA51E0815980033D321 /* CoreMotion.framework */ = {isa = PBXFileReference; lastKnownFileType = wrapper.framework; name = CoreMotion.framework; path = System/Library/Frameworks/CoreMotion.framework; sourceTree = SDKROOT; };
/* End PBXFileReference section */

/* Begin PBXFrameworksBuildPhase section */
		EA3CFF871E0814F10033D321 /* Frameworks */ = {
			isa = PBXFrameworksBuildPhase;
			buildActionMask = 2147483647;
			files = (
				EA3CFFA61E0815980033D321 /* CoreMotion.framework in Frameworks */,
				95B4DDC1653FA5AEB1A93086 /* libPods-inTraffic.a in Frameworks */,
			);
			runOnlyForDeploymentPostprocessing = 0;
		};
/* End PBXFrameworksBuildPhase section */

/* Begin PBXGroup section */
		3CEECD8246CF79EE669B0D17 /* Pods */ = {
			isa = PBXGroup;
			children = (
				63694305FEDC9F18C531FC9F /* Pods-inTraffic.debug.xcconfig */,
				997F178DEE2A7D0FE2FF9986 /* Pods-inTraffic.release.xcconfig */,
			);
			name = Pods;
			sourceTree = "<group>";
		};
		EA3CFF811E0814F10033D321 = {
			isa = PBXGroup;
			children = (
				EA3CFF8C1E0814F10033D321 /* inTraffic */,
				EA3CFF8B1E0814F10033D321 /* Products */,
				EA3CFFA41E0815980033D321 /* Frameworks */,
				3CEECD8246CF79EE669B0D17 /* Pods */,
			);
			sourceTree = "<group>";
		};
		EA3CFF8B1E0814F10033D321 /* Products */ = {
			isa = PBXGroup;
			children = (
				EA3CFF8A1E0814F10033D321 /* inTraffic.app */,
			);
			name = Products;
			sourceTree = "<group>";
		};
		EA3CFF8C1E0814F10033D321 /* inTraffic */ = {
			isa = PBXGroup;
			children = (
				EA3CFF901E0814F10033D321 /* AppDelegate.h */,
				EA3CFF911E0814F10033D321 /* AppDelegate.m */,
				EA3CFF931E0814F10033D321 /* ViewController.h */,
				EA3CFF941E0814F10033D321 /* ViewController.m */,
				EA3CFF961E0814F10033D321 /* Main.storyboard */,
				EA3CFF991E0814F10033D321 /* Assets.xcassets */,
				EA3CFF9B1E0814F10033D321 /* LaunchScreen.storyboard */,
				EA3CFF9E1E0814F10033D321 /* Info.plist */,
				EA3CFF8D1E0814F10033D321 /* Supporting Files */,
			);
			path = inTraffic;
			sourceTree = "<group>";
		};
		EA3CFF8D1E0814F10033D321 /* Supporting Files */ = {
			isa = PBXGroup;
			children = (
				EA3CFF8E1E0814F10033D321 /* main.m */,
			);
			name = "Supporting Files";
			sourceTree = "<group>";
		};
		EA3CFFA41E0815980033D321 /* Frameworks */ = {
			isa = PBXGroup;
			children = (
				EA3CFFA51E0815980033D321 /* CoreMotion.framework */,
				2D05CB5CB7D07A9D96FF0D16 /* libPods-inTraffic.a */,
			);
			name = Frameworks;
			sourceTree = "<group>";
		};
/* End PBXGroup section */

/* Begin PBXNativeTarget section */
		EA3CFF891E0814F10033D321 /* inTraffic */ = {
			isa = PBXNativeTarget;
			buildConfigurationList = EA3CFFA11E0814F10033D321 /* Build configuration list for PBXNativeTarget "inTraffic" */;
			buildPhases = (
				7929381AC71D60EC7EA2F62F /* [CP] Check Pods Manifest.lock */,
				EA3CFF861E0814F10033D321 /* Sources */,
				EA3CFF871E0814F10033D321 /* Frameworks */,
				EA3CFF881E0814F10033D321 /* Resources */,
				D52437CB8DD5FB2F0F6DACC2 /* [CP] Embed Pods Frameworks */,
				A1AE061A8B39115EFC172568 /* [CP] Copy Pods Resources */,
			);
			buildRules = (
			);
			dependencies = (
			);
			name = inTraffic;
			productName = inTraffic;
			productReference = EA3CFF8A1E0814F10033D321 /* inTraffic.app */;
			productType = "com.apple.product-type.application";
		};
/* End PBXNativeTarget section */

/* Begin PBXProject section */
		EA3CFF821E0814F10033D321 /* Project object */ = {
			isa = PBXProject;
			attributes = {
				LastUpgradeCheck = 0810;
				ORGANIZATIONNAME = "Valentyn Kovalsky";
				TargetAttributes = {
					EA3CFF891E0814F10033D321 = {
						CreatedOnToolsVersion = 8.1;
						DevelopmentTeam = JE26HLJZLX;
						ProvisioningStyle = Automatic;
						SystemCapabilities = {
							com.apple.BackgroundModes = {
								enabled = 1;
							};
						};
					};
				};
			};
			buildConfigurationList = EA3CFF851E0814F10033D321 /* Build configuration list for PBXProject "inTraffic" */;
			compatibilityVersion = "Xcode 3.2";
			developmentRegion = English;
			hasScannedForEncodings = 0;
			knownRegions = (
				en,
				Base,
			);
			mainGroup = EA3CFF811E0814F10033D321;
			productRefGroup = EA3CFF8B1E0814F10033D321 /* Products */;
			projectDirPath = "";
			projectRoot = "";
			targets = (
				EA3CFF891E0814F10033D321 /* inTraffic */,
			);
		};
/* End PBXProject section */

/* Begin PBXResourcesBuildPhase section */
		EA3CFF881E0814F10033D321 /* Resources */ = {
			isa = PBXResourcesBuildPhase;
			buildActionMask = 2147483647;
			files = (
				EA3CFF9D1E0814F10033D321 /* LaunchScreen.storyboard in Resources */,
				EA3CFF9A1E0814F10033D321 /* Assets.xcassets in Resources */,
				EA3CFF981E0814F10033D321 /* Main.storyboard in Resources */,
			);
			runOnlyForDeploymentPostprocessing = 0;
		};
/* End PBXResourcesBuildPhase section */

/* Begin PBXShellScriptBuildPhase section */
		7929381AC71D60EC7EA2F62F /* [CP] Check Pods Manifest.lock */ = {
			isa = PBXShellScriptBuildPhase;
			buildActionMask = 2147483647;
			files = (
			);
			inputPaths = (
			);
			name = "[CP] Check Pods Manifest.lock";
			outputPaths = (
			);
			runOnlyForDeploymentPostprocessing = 0;
			shellPath = /bin/sh;
			shellScript = "diff \"${PODS_ROOT}/../Podfile.lock\" \"${PODS_ROOT}/Manifest.lock\" > /dev/null\nif [[ $? != 0 ]] ; then\n    cat << EOM\nerror: The sandbox is not in sync with the Podfile.lock. Run 'pod install' or update your CocoaPods installation.\nEOM\n    exit 1\nfi\n";
			showEnvVarsInLog = 0;
		};
		A1AE061A8B39115EFC172568 /* [CP] Copy Pods Resources */ = {
			isa = PBXShellScriptBuildPhase;
			buildActionMask = 2147483647;
			files = (
			);
			inputPaths = (
			);
			name = "[CP] Copy Pods Resources";
			outputPaths = (
			);
			runOnlyForDeploymentPostprocessing = 0;
			shellPath = /bin/sh;
			shellScript = "\"${SRCROOT}/Pods/Target Support Files/Pods-inTraffic/Pods-inTraffic-resources.sh\"\n";
			showEnvVarsInLog = 0;
		};
		D52437CB8DD5FB2F0F6DACC2 /* [CP] Embed Pods Frameworks */ = {
			isa = PBXShellScriptBuildPhase;
			buildActionMask = 2147483647;
			files = (
			);
			inputPaths = (
			);
			name = "[CP] Embed Pods Frameworks";
			outputPaths = (
			);
			runOnlyForDeploymentPostprocessing = 0;
			shellPath = /bin/sh;
			shellScript = "\"${SRCROOT}/Pods/Target Support Files/Pods-inTraffic/Pods-inTraffic-frameworks.sh\"\n";
			showEnvVarsInLog = 0;
		};
/* End PBXShellScriptBuildPhase section */

/* Begin PBXSourcesBuildPhase section */
		EA3CFF861E0814F10033D321 /* Sources */ = {
			isa = PBXSourcesBuildPhase;
			buildActionMask = 2147483647;
			files = (
				EA3CFF951E0814F10033D321 /* ViewController.m in Sources */,
				EA3CFF921E0814F10033D321 /* AppDelegate.m in Sources */,
				EA3CFF8F1E0814F10033D321 /* main.m in Sources */,
			);
			runOnlyForDeploymentPostprocessing = 0;
		};
/* End PBXSourcesBuildPhase section */

/* Begin PBXVariantGroup section */
		EA3CFF961E0814F10033D321 /* Main.storyboard */ = {
			isa = PBXVariantGroup;
			children = (
				EA3CFF971E0814F10033D321 /* Base */,
			);
			name = Main.storyboard;
			sourceTree = "<group>";
		};
		EA3CFF9B1E0814F10033D321 /* LaunchScreen.storyboard */ = {
			isa = PBXVariantGroup;
			children = (
				EA3CFF9C1E0814F10033D321 /* Base */,
			);
			name = LaunchScreen.storyboard;
			sourceTree = "<group>";
		};
/* End PBXVariantGroup section */

/* Begin XCBuildConfiguration section */
		EA3CFF9F1E0814F10033D321 /* Debug */ = {
			isa = XCBuildConfiguration;
			buildSettings = {
				ALWAYS_SEARCH_USER_PATHS = NO;
				CLANG_ANALYZER_NONNULL = YES;
				CLANG_CXX_LANGUAGE_STANDARD = "gnu++0x";
				CLANG_CXX_LIBRARY = "libc++";
				CLANG_ENABLE_MODULES = YES;
				CLANG_ENABLE_OBJC_ARC = YES;
				CLANG_WARN_BOOL_CONVERSION = YES;
				CLANG_WARN_CONSTANT_CONVERSION = YES;
				CLANG_WARN_DIRECT_OBJC_ISA_USAGE = YES_ERROR;
				CLANG_WARN_DOCUMENTATION_COMMENTS = YES;
				CLANG_WARN_EMPTY_BODY = YES;
				CLANG_WARN_ENUM_CONVERSION = YES;
				CLANG_WARN_INFINITE_RECURSION = YES;
				CLANG_WARN_INT_CONVERSION = YES;
				CLANG_WARN_OBJC_ROOT_CLASS = YES_ERROR;
				CLANG_WARN_SUSPICIOUS_MOVE = YES;
				CLANG_WARN_SUSPICIOUS_MOVES = YES;
				CLANG_WARN_UNREACHABLE_CODE = YES;
				CLANG_WARN__DUPLICATE_METHOD_MATCH = YES;
				"CODE_SIGN_IDENTITY[sdk=iphoneos*]" = "iPhone Developer";
				COPY_PHASE_STRIP = NO;
				DEBUG_INFORMATION_FORMAT = dwarf;
				ENABLE_STRICT_OBJC_MSGSEND = YES;
				ENABLE_TESTABILITY = YES;
				GCC_C_LANGUAGE_STANDARD = gnu99;
				GCC_DYNAMIC_NO_PIC = NO;
				GCC_NO_COMMON_BLOCKS = YES;
				GCC_OPTIMIZATION_LEVEL = 0;
				GCC_PREPROCESSOR_DEFINITIONS = (
					"DEBUG=1",
					"$(inherited)",
				);
				GCC_WARN_64_TO_32_BIT_CONVERSION = YES;
				GCC_WARN_ABOUT_RETURN_TYPE = YES_ERROR;
				GCC_WARN_UNDECLARED_SELECTOR = YES;
				GCC_WARN_UNINITIALIZED_AUTOS = YES_AGGRESSIVE;
				GCC_WARN_UNUSED_FUNCTION = YES;
				GCC_WARN_UNUSED_VARIABLE = YES;
				IPHONEOS_DEPLOYMENT_TARGET = 10.1;
				MTL_ENABLE_DEBUG_INFO = YES;
				ONLY_ACTIVE_ARCH = YES;
				SDKROOT = iphoneos;
				TARGETED_DEVICE_FAMILY = "1,2";
			};
			name = Debug;
		};
		EA3CFFA01E0814F10033D321 /* Release */ = {
			isa = XCBuildConfiguration;
			buildSettings = {
				ALWAYS_SEARCH_USER_PATHS = NO;
				CLANG_ANALYZER_NONNULL = YES;
				CLANG_CXX_LANGUAGE_STANDARD = "gnu++0x";
				CLANG_CXX_LIBRARY = "libc++";
				CLANG_ENABLE_MODULES = YES;
				CLANG_ENABLE_OBJC_ARC = YES;
				CLANG_WARN_BOOL_CONVERSION = YES;
				CLANG_WARN_CONSTANT_CONVERSION = YES;
				CLANG_WARN_DIRECT_OBJC_ISA_USAGE = YES_ERROR;
				CLANG_WARN_DOCUMENTATION_COMMENTS = YES;
				CLANG_WARN_EMPTY_BODY = YES;
				CLANG_WARN_ENUM_CONVERSION = YES;
				CLANG_WARN_INFINITE_RECURSION = YES;
				CLANG_WARN_INT_CONVERSION = YES;
				CLANG_WARN_OBJC_ROOT_CLASS = YES_ERROR;
				CLANG_WARN_SUSPICIOUS_MOVE = YES;
				CLANG_WARN_SUSPICIOUS_MOVES = YES;
				CLANG_WARN_UNREACHABLE_CODE = YES;
				CLANG_WARN__DUPLICATE_METHOD_MATCH = YES;
				"CODE_SIGN_IDENTITY[sdk=iphoneos*]" = "iPhone Developer";
				COPY_PHASE_STRIP = NO;
				DEBUG_INFORMATION_FORMAT = "dwarf-with-dsym";
				ENABLE_NS_ASSERTIONS = NO;
				ENABLE_STRICT_OBJC_MSGSEND = YES;
				GCC_C_LANGUAGE_STANDARD = gnu99;
				GCC_NO_COMMON_BLOCKS = YES;
				GCC_WARN_64_TO_32_BIT_CONVERSION = YES;
				GCC_WARN_ABOUT_RETURN_TYPE = YES_ERROR;
				GCC_WARN_UNDECLARED_SELECTOR = YES;
				GCC_WARN_UNINITIALIZED_AUTOS = YES_AGGRESSIVE;
				GCC_WARN_UNUSED_FUNCTION = YES;
				GCC_WARN_UNUSED_VARIABLE = YES;
				IPHONEOS_DEPLOYMENT_TARGET = 10.1;
				MTL_ENABLE_DEBUG_INFO = NO;
				SDKROOT = iphoneos;
				TARGETED_DEVICE_FAMILY = "1,2";
				VALIDATE_PRODUCT = YES;
			};
			name = Release;
		};
		EA3CFFA21E0814F10033D321 /* Debug */ = {
			isa = XCBuildConfiguration;
			baseConfigurationReference = 63694305FEDC9F18C531FC9F /* Pods-inTraffic.debug.xcconfig */;
			buildSettings = {
				ASSETCATALOG_COMPILER_APPICON_NAME = AppIcon;
				DEVELOPMENT_TEAM = JE26HLJZLX;
				INFOPLIST_FILE = inTraffic/Info.plist;
				LD_RUNPATH_SEARCH_PATHS = "$(inherited) @executable_path/Frameworks";
				PRODUCT_BUNDLE_IDENTIFIER = vk.inTraffic;
				PRODUCT_NAME = "$(TARGET_NAME)";
			};
			name = Debug;
		};
		EA3CFFA31E0814F10033D321 /* Release */ = {
			isa = XCBuildConfiguration;
			baseConfigurationReference = 997F178DEE2A7D0FE2FF9986 /* Pods-inTraffic.release.xcconfig */;
			buildSettings = {
				ASSETCATALOG_COMPILER_APPICON_NAME = AppIcon;
				DEVELOPMENT_TEAM = JE26HLJZLX;
				INFOPLIST_FILE = inTraffic/Info.plist;
				LD_RUNPATH_SEARCH_PATHS = "$(inherited) @executable_path/Frameworks";
				PRODUCT_BUNDLE_IDENTIFIER = vk.inTraffic;
				PRODUCT_NAME = "$(TARGET_NAME)";
			};
			name = Release;
		};
/* End XCBuildConfiguration section */

/* Begin XCConfigurationList section */
		EA3CFF851E0814F10033D321 /* Build configuration list for PBXProject "inTraffic" */ = {
			isa = XCConfigurationList;
			buildConfigurations = (
				EA3CFF9F1E0814F10033D321 /* Debug */,
				EA3CFFA01E0814F10033D321 /* Release */,
			);
			defaultConfigurationIsVisible = 0;
			defaultConfigurationName = Release;
		};
		EA3CFFA11E0814F10033D321 /* Build configuration list for PBXNativeTarget "inTraffic" */ = {
			isa = XCConfigurationList;
			buildConfigurations = (
				EA3CFFA21E0814F10033D321 /* Debug */,
				EA3CFFA31E0814F10033D321 /* Release */,
			);
			defaultConfigurationIsVisible = 0;
			defaultConfigurationName = Release;
		};
/* End XCConfigurationList section */
	};
	rootObject = EA3CFF821E0814F10033D321 /* Project object */;
}
